
Microsoft Visual Studio Solution File, Format Version 12.00
# Visual Studio 14
VisualStudioVersion = 14.0.22512.0
MinimumVisualStudioVersion = 10.0.40219.1
Project("{FAE04EC0-301F-11D3-BF4B-00C04F79EFBC}") = "Menu", "Menu\Menu.csproj", "{432E851B-AF2A-4844-986D-A9A96C0025B1}"
EndProject
Project("{FAE04EC0-301F-11D3-BF4B-00C04F79EFBC}") = "Menu.Sample", "Menu.Sample\Menu.Sample.csproj", "{2E019C46-FD2A-4991-A79F-57DA429EB6C2}"
EndProject
Global
	GlobalSection(SolutionConfigurationPlatforms) = preSolution
		Debug|Any CPU = Debug|Any CPU
		Release|Any CPU = Release|Any CPU
	EndGlobalSection
	GlobalSection(ProjectConfigurationPlatforms) = postSolution
		{432E851B-AF2A-4844-986D-A9A96C0025B1}.Debug|Any CPU.ActiveCfg = Debug|Any CPU
		{432E851B-AF2A-4844-986D-A9A96C0025B1}.Debug|Any CPU.Build.0 = Debug|Any CPU
		{432E851B-AF2A-4844-986D-A9A96C0025B1}.Release|Any CPU.ActiveCfg = Release|Any CPU
		{432E851B-AF2A-4844-986D-A9A96C0025B1}.Release|Any CPU.Build.0 = Release|Any CPU
		{2E019C46-FD2A-4991-A79F-57DA429EB6C2}.Debug|Any CPU.ActiveCfg = Debug|Any CPU
		{2E019C46-FD2A-4991-A79F-57DA429EB6C2}.Debug|Any CPU.Build.0 = Debug|Any CPU
		{2E019C46-FD2A-4991-A79F-57DA429EB6C2}.Release|Any CPU.ActiveCfg = Release|Any CPU
		{2E019C46-FD2A-4991-A79F-57DA429EB6C2}.Release|Any CPU.Build.0 = Release|Any CPU
	EndGlobalSection
	GlobalSection(SolutionProperties) = preSolution
		HideSolutionNode = FALSE
	EndGlobalSection
	GlobalSection(TeamFoundationVersionControl) = preSolution
		SccNumberOfProjects = 3
		SccEnterpriseProvider = {4CA58AB2-18FA-4F8D-95D4-32DDF27D184C}
		SccTeamFoundationServer = https://tfs.codeplex.com/tfs/tfs36
		SccLocalPath0 = .
		SccProjectUniqueName1 = Menu.Sample\\Menu.Sample.csproj
		SccProjectName1 = Menu.Sample
		SccLocalPath1 = Menu.Sample
		SccProjectUniqueName2 = Menu\\Menu.csproj
		SccProjectName2 = Menu
		SccLocalPath2 = Menu
	EndGlobalSection
EndGlobal
